
Microsoft Visual Studio Solution File, Format Version 12.00
# Visual Studio 2012
Project("{FAE04EC0-301F-11D3-BF4B-00C04F79EFBC}") = "Problem", "src\Problem\Problem.csproj", "{F79D75CD-978A-4021-8B24-56FD1E21CD17}"
EndProject
Project("{2150E333-8FDC-42A3-9474-1A3956D46DE8}") = "Solution Items", "Solution Items", "{357005B5-51CA-4A5A-9785-C4529DED5840}"
	ProjectSection(SolutionItems) = preProject
		..\..\readme.md = ..\..\readme.md
	EndProjectSection
EndProject
Project("{FAE04EC0-301F-11D3-BF4B-00C04F79EFBC}") = "ProblemTests", "src\ProblemTests\ProblemTests.csproj", "{D205D484-D025-45FD-B4CA-64B5D936E3CB}"
EndProject
Global
	GlobalSection(SolutionConfigurationPlatforms) = preSolution
		Debug|Any CPU = Debug|Any CPU
		Release|Any CPU = Release|Any CPU
	EndGlobalSection
	GlobalSection(ProjectConfigurationPlatforms) = postSolution
		{F79D75CD-978A-4021-8B24-56FD1E21CD17}.Debug|Any CPU.ActiveCfg = Debug|Any CPU
		{F79D75CD-978A-4021-8B24-56FD1E21CD17}.Debug|Any CPU.Build.0 = Debug|Any CPU
		{F79D75CD-978A-4021-8B24-56FD1E21CD17}.Release|Any CPU.ActiveCfg = Release|Any CPU
		{F79D75CD-978A-4021-8B24-56FD1E21CD17}.Release|Any CPU.Build.0 = Release|Any CPU
		{D205D484-D025-45FD-B4CA-64B5D936E3CB}.Debug|Any CPU.ActiveCfg = Debug|Any CPU
		{D205D484-D025-45FD-B4CA-64B5D936E3CB}.Debug|Any CPU.Build.0 = Debug|Any CPU
		{D205D484-D025-45FD-B4CA-64B5D936E3CB}.Release|Any CPU.ActiveCfg = Release|Any CPU
		{D205D484-D025-45FD-B4CA-64B5D936E3CB}.Release|Any CPU.Build.0 = Release|Any CPU
	EndGlobalSection
	GlobalSection(SolutionProperties) = preSolution
		HideSolutionNode = FALSE
	EndGlobalSection
EndGlobal
